// !$*UTF8*$!
{
	archiveVersion = 1;
	classes = {
	};
	objectVersion = 48;
	objects = {

/* Begin PBXBuildFile section */
		D6FB94231F9E36F90087DC71 /* AppDelegate.swift in Sources */ = {isa = PBXBuildFile; fileRef = D6FB94221F9E36F90087DC71 /* AppDelegate.swift */; };
		D6FB94251F9E36F90087DC71 /* ViewController.swift in Sources */ = {isa = PBXBuildFile; fileRef = D6FB94241F9E36F90087DC71 /* ViewController.swift */; };
		D6FB94281F9E36F90087DC71 /* Main.storyboard in Resources */ = {isa = PBXBuildFile; fileRef = D6FB94261F9E36F90087DC71 /* Main.storyboard */; };
		D6FB942A1F9E36F90087DC71 /* Assets.xcassets in Resources */ = {isa = PBXBuildFile; fileRef = D6FB94291F9E36F90087DC71 /* Assets.xcassets */; };
		D6FB942D1F9E36F90087DC71 /* LaunchScreen.storyboard in Resources */ = {isa = PBXBuildFile; fileRef = D6FB942B1F9E36F90087DC71 /* LaunchScreen.storyboard */; };
		D6FB94381F9E36FA0087DC71 /* PostestTestLoginProfileTests.swift in Sources */ = {isa = PBXBuildFile; fileRef = D6FB94371F9E36FA0087DC71 /* PostestTestLoginProfileTests.swift */; };
		D6FB94431F9E36FA0087DC71 /* PostestTestLoginProfileUITests.swift in Sources */ = {isa = PBXBuildFile; fileRef = D6FB94421F9E36FA0087DC71 /* PostestTestLoginProfileUITests.swift */; };
		D6FB94551F9E3E5D0087DC71 /* InputDataViewController.swift in Sources */ = {isa = PBXBuildFile; fileRef = D6FB94541F9E3E5D0087DC71 /* InputDataViewController.swift */; };
		D6FB94571F9E402F0087DC71 /* InputProfileViewController.swift in Sources */ = {isa = PBXBuildFile; fileRef = D6FB94561F9E402F0087DC71 /* InputProfileViewController.swift */; };
		D6FB94591F9E40470087DC71 /* DataInputedViewController.swift in Sources */ = {isa = PBXBuildFile; fileRef = D6FB94581F9E40470087DC71 /* DataInputedViewController.swift */; };
/* End PBXBuildFile section */

/* Begin PBXContainerItemProxy section */
		D6FB94341F9E36FA0087DC71 /* PBXContainerItemProxy */ = {
			isa = PBXContainerItemProxy;
			containerPortal = D6FB94171F9E36F90087DC71 /* Project object */;
			proxyType = 1;
			remoteGlobalIDString = D6FB941E1F9E36F90087DC71;
			remoteInfo = PostestTestLoginProfile;
		};
		D6FB943F1F9E36FA0087DC71 /* PBXContainerItemProxy */ = {
			isa = PBXContainerItemProxy;
			containerPortal = D6FB94171F9E36F90087DC71 /* Project object */;
			proxyType = 1;
			remoteGlobalIDString = D6FB941E1F9E36F90087DC71;
			remoteInfo = PostestTestLoginProfile;
		};
/* End PBXContainerItemProxy section */

/* Begin PBXFileReference section */
		D6FB941F1F9E36F90087DC71 /* PostestTestLoginProfile.app */ = {isa = PBXFileReference; explicitFileType = wrapper.application; includeInIndex = 0; path = PostestTestLoginProfile.app; sourceTree = BUILT_PRODUCTS_DIR; };
		D6FB94221F9E36F90087DC71 /* AppDelegate.swift */ = {isa = PBXFileReference; lastKnownFileType = sourcecode.swift; path = AppDelegate.swift; sourceTree = "<group>"; };
		D6FB94241F9E36F90087DC71 /* ViewController.swift */ = {isa = PBXFileReference; lastKnownFileType = sourcecode.swift; path = ViewController.swift; sourceTree = "<group>"; };
		D6FB94271F9E36F90087DC71 /* Base */ = {isa = PBXFileReference; lastKnownFileType = file.storyboard; name = Base; path = Base.lproj/Main.storyboard; sourceTree = "<group>"; };
		D6FB94291F9E36F90087DC71 /* Assets.xcassets */ = {isa = PBXFileReference; lastKnownFileType = folder.assetcatalog; path = Assets.xcassets; sourceTree = "<group>"; };
		D6FB942C1F9E36F90087DC71 /* Base */ = {isa = PBXFileReference; lastKnownFileType = file.storyboard; name = Base; path = Base.lproj/LaunchScreen.storyboard; sourceTree = "<group>"; };
		D6FB942E1F9E36F90087DC71 /* Info.plist */ = {isa = PBXFileReference; lastKnownFileType = text.plist.xml; path = Info.plist; sourceTree = "<group>"; };
		D6FB94331F9E36FA0087DC71 /* PostestTestLoginProfileTests.xctest */ = {isa = PBXFileReference; explicitFileType = wrapper.cfbundle; includeInIndex = 0; path = PostestTestLoginProfileTests.xctest; sourceTree = BUILT_PRODUCTS_DIR; };
		D6FB94371F9E36FA0087DC71 /* PostestTestLoginProfileTests.swift */ = {isa = PBXFileReference; lastKnownFileType = sourcecode.swift; path = PostestTestLoginProfileTests.swift; sourceTree = "<group>"; };
		D6FB94391F9E36FA0087DC71 /* Info.plist */ = {isa = PBXFileReference; lastKnownFileType = text.plist.xml; path = Info.plist; sourceTree = "<group>"; };
		D6FB943E1F9E36FA0087DC71 /* PostestTestLoginProfileUITests.xctest */ = {isa = PBXFileReference; explicitFileType = wrapper.cfbundle; includeInIndex = 0; path = PostestTestLoginProfileUITests.xctest; sourceTree = BUILT_PRODUCTS_DIR; };
		D6FB94421F9E36FA0087DC71 /* PostestTestLoginProfileUITests.swift */ = {isa = PBXFileReference; lastKnownFileType = sourcecode.swift; path = PostestTestLoginProfileUITests.swift; sourceTree = "<group>"; };
		D6FB94441F9E36FA0087DC71 /* Info.plist */ = {isa = PBXFileReference; lastKnownFileType = text.plist.xml; path = Info.plist; sourceTree = "<group>"; };
		D6FB94541F9E3E5D0087DC71 /* InputDataViewController.swift */ = {isa = PBXFileReference; lastKnownFileType = sourcecode.swift; path = InputDataViewController.swift; sourceTree = SOURCE_ROOT; };
		D6FB94561F9E402F0087DC71 /* InputProfileViewController.swift */ = {isa = PBXFileReference; lastKnownFileType = sourcecode.swift; path = InputProfileViewController.swift; sourceTree = SOURCE_ROOT; };
		D6FB94581F9E40470087DC71 /* DataInputedViewController.swift */ = {isa = PBXFileReference; lastKnownFileType = sourcecode.swift; path = DataInputedViewController.swift; sourceTree = SOURCE_ROOT; };
/* End PBXFileReference section */

/* Begin PBXFrameworksBuildPhase section */
		D6FB941C1F9E36F90087DC71 /* Frameworks */ = {
			isa = PBXFrameworksBuildPhase;
			buildActionMask = 2147483647;
			files = (
			);
			runOnlyForDeploymentPostprocessing = 0;
		};
		D6FB94301F9E36FA0087DC71 /* Frameworks */ = {
			isa = PBXFrameworksBuildPhase;
			buildActionMask = 2147483647;
			files = (
			);
			runOnlyForDeploymentPostprocessing = 0;
		};
		D6FB943B1F9E36FA0087DC71 /* Frameworks */ = {
			isa = PBXFrameworksBuildPhase;
			buildActionMask = 2147483647;
			files = (
			);
			runOnlyForDeploymentPostprocessing = 0;
		};
/* End PBXFrameworksBuildPhase section */

/* Begin PBXGroup section */
		D6FB94161F9E36F90087DC71 = {
			isa = PBXGroup;
			children = (
				D6FB94211F9E36F90087DC71 /* PostestTestLoginProfile */,
				D6FB94361F9E36FA0087DC71 /* PostestTestLoginProfileTests */,
				D6FB94411F9E36FA0087DC71 /* PostestTestLoginProfileUITests */,
				D6FB94201F9E36F90087DC71 /* Products */,
			);
			sourceTree = "<group>";
		};
		D6FB94201F9E36F90087DC71 /* Products */ = {
			isa = PBXGroup;
			children = (
				D6FB941F1F9E36F90087DC71 /* PostestTestLoginProfile.app */,
				D6FB94331F9E36FA0087DC71 /* PostestTestLoginProfileTests.xctest */,
				D6FB943E1F9E36FA0087DC71 /* PostestTestLoginProfileUITests.xctest */,
			);
			name = Products;
			sourceTree = "<group>";
		};
		D6FB94211F9E36F90087DC71 /* PostestTestLoginProfile */ = {
			isa = PBXGroup;
			children = (
				D6FB94221F9E36F90087DC71 /* AppDelegate.swift */,
				D6FB94241F9E36F90087DC71 /* ViewController.swift */,
				D6FB94261F9E36F90087DC71 /* Main.storyboard */,
				D6FB94291F9E36F90087DC71 /* Assets.xcassets */,
				D6FB942B1F9E36F90087DC71 /* LaunchScreen.storyboard */,
				D6FB942E1F9E36F90087DC71 /* Info.plist */,
				D6FB94541F9E3E5D0087DC71 /* InputDataViewController.swift */,
				D6FB94561F9E402F0087DC71 /* InputProfileViewController.swift */,
				D6FB94581F9E40470087DC71 /* DataInputedViewController.swift */,
			);
			path = PostestTestLoginProfile;
			sourceTree = "<group>";
		};
		D6FB94361F9E36FA0087DC71 /* PostestTestLoginProfileTests */ = {
			isa = PBXGroup;
			children = (
				D6FB94371F9E36FA0087DC71 /* PostestTestLoginProfileTests.swift */,
				D6FB94391F9E36FA0087DC71 /* Info.plist */,
			);
			path = PostestTestLoginProfileTests;
			sourceTree = "<group>";
		};
		D6FB94411F9E36FA0087DC71 /* PostestTestLoginProfileUITests */ = {
			isa = PBXGroup;
			children = (
				D6FB94421F9E36FA0087DC71 /* PostestTestLoginProfileUITests.swift */,
				D6FB94441F9E36FA0087DC71 /* Info.plist */,
			);
			path = PostestTestLoginProfileUITests;
			sourceTree = "<group>";
		};
/* End PBXGroup section */

/* Begin PBXNativeTarget section */
		D6FB941E1F9E36F90087DC71 /* PostestTestLoginProfile */ = {
			isa = PBXNativeTarget;
			buildConfigurationList = D6FB94471F9E36FA0087DC71 /* Build configuration list for PBXNativeTarget "PostestTestLoginProfile" */;
			buildPhases = (
				D6FB941B1F9E36F90087DC71 /* Sources */,
				D6FB941C1F9E36F90087DC71 /* Frameworks */,
				D6FB941D1F9E36F90087DC71 /* Resources */,
			);
			buildRules = (
			);
			dependencies = (
			);
			name = PostestTestLoginProfile;
			productName = PostestTestLoginProfile;
			productReference = D6FB941F1F9E36F90087DC71 /* PostestTestLoginProfile.app */;
			productType = "com.apple.product-type.application";
		};
		D6FB94321F9E36FA0087DC71 /* PostestTestLoginProfileTests */ = {
			isa = PBXNativeTarget;
			buildConfigurationList = D6FB944A1F9E36FA0087DC71 /* Build configuration list for PBXNativeTarget "PostestTestLoginProfileTests" */;
			buildPhases = (
				D6FB942F1F9E36FA0087DC71 /* Sources */,
				D6FB94301F9E36FA0087DC71 /* Frameworks */,
				D6FB94311F9E36FA0087DC71 /* Resources */,
			);
			buildRules = (
			);
			dependencies = (
				D6FB94351F9E36FA0087DC71 /* PBXTargetDependency */,
			);
			name = PostestTestLoginProfileTests;
			productName = PostestTestLoginProfileTests;
			productReference = D6FB94331F9E36FA0087DC71 /* PostestTestLoginProfileTests.xctest */;
			productType = "com.apple.product-type.bundle.unit-test";
		};
		D6FB943D1F9E36FA0087DC71 /* PostestTestLoginProfileUITests */ = {
			isa = PBXNativeTarget;
			buildConfigurationList = D6FB944D1F9E36FA0087DC71 /* Build configuration list for PBXNativeTarget "PostestTestLoginProfileUITests" */;
			buildPhases = (
				D6FB943A1F9E36FA0087DC71 /* Sources */,
				D6FB943B1F9E36FA0087DC71 /* Frameworks */,
				D6FB943C1F9E36FA0087DC71 /* Resources */,
			);
			buildRules = (
			);
			dependencies = (
				D6FB94401F9E36FA0087DC71 /* PBXTargetDependency */,
			);
			name = PostestTestLoginProfileUITests;
			productName = PostestTestLoginProfileUITests;
			productReference = D6FB943E1F9E36FA0087DC71 /* PostestTestLoginProfileUITests.xctest */;
			productType = "com.apple.product-type.bundle.ui-testing";
		};
/* End PBXNativeTarget section */

/* Begin PBXProject section */
		D6FB94171F9E36F90087DC71 /* Project object */ = {
			isa = PBXProject;
			attributes = {
				LastSwiftUpdateCheck = 0900;
				LastUpgradeCheck = 0900;
				ORGANIZATIONNAME = "Be Dev";
				TargetAttributes = {
					D6FB941E1F9E36F90087DC71 = {
						CreatedOnToolsVersion = 9.0;
						ProvisioningStyle = Automatic;
					};
					D6FB94321F9E36FA0087DC71 = {
						CreatedOnToolsVersion = 9.0;
						ProvisioningStyle = Automatic;
						TestTargetID = D6FB941E1F9E36F90087DC71;
					};
					D6FB943D1F9E36FA0087DC71 = {
						CreatedOnToolsVersion = 9.0;
						ProvisioningStyle = Automatic;
						TestTargetID = D6FB941E1F9E36F90087DC71;
					};
				};
			};
			buildConfigurationList = D6FB941A1F9E36F90087DC71 /* Build configuration list for PBXProject "PostestTestLoginProfile" */;
			compatibilityVersion = "Xcode 8.0";
			developmentRegion = en;
			hasScannedForEncodings = 0;
			knownRegions = (
				en,
				Base,
			);
			mainGroup = D6FB94161F9E36F90087DC71;
			productRefGroup = D6FB94201F9E36F90087DC71 /* Products */;
			projectDirPath = "";
			projectRoot = "";
			targets = (
				D6FB941E1F9E36F90087DC71 /* PostestTestLoginProfile */,
				D6FB94321F9E36FA0087DC71 /* PostestTestLoginProfileTests */,
				D6FB943D1F9E36FA0087DC71 /* PostestTestLoginProfileUITests */,
			);
		};
/* End PBXProject section */

/* Begin PBXResourcesBuildPhase section */
		D6FB941D1F9E36F90087DC71 /* Resources */ = {
			isa = PBXResourcesBuildPhase;
			buildActionMask = 2147483647;
			files = (
				D6FB942D1F9E36F90087DC71 /* LaunchScreen.storyboard in Resources */,
				D6FB942A1F9E36F90087DC71 /* Assets.xcassets in Resources */,
				D6FB94281F9E36F90087DC71 /* Main.storyboard in Resources */,
			);
			runOnlyForDeploymentPostprocessing = 0;
		};
		D6FB94311F9E36FA0087DC71 /* Resources */ = {
			isa = PBXResourcesBuildPhase;
			buildActionMask = 2147483647;
			files = (
			);
			runOnlyForDeploymentPostprocessing = 0;
		};
		D6FB943C1F9E36FA0087DC71 /* Resources */ = {
			isa = PBXResourcesBuildPhase;
			buildActionMask = 2147483647;
			files = (
			);
			runOnlyForDeploymentPostprocessing = 0;
		};
/* End PBXResourcesBuildPhase section */

/* Begin PBXSourcesBuildPhase section */
		D6FB941B1F9E36F90087DC71 /* Sources */ = {
			isa = PBXSourcesBuildPhase;
			buildActionMask = 2147483647;
			files = (
				D6FB94551F9E3E5D0087DC71 /* InputDataViewController.swift in Sources */,
				D6FB94251F9E36F90087DC71 /* ViewController.swift in Sources */,
				D6FB94591F9E40470087DC71 /* DataInputedViewController.swift in Sources */,
				D6FB94571F9E402F0087DC71 /* InputProfileViewController.swift in Sources */,
				D6FB94231F9E36F90087DC71 /* AppDelegate.swift in Sources */,
			);
			runOnlyForDeploymentPostprocessing = 0;
		};
		D6FB942F1F9E36FA0087DC71 /* Sources */ = {
			isa = PBXSourcesBuildPhase;
			buildActionMask = 2147483647;
			files = (
				D6FB94381F9E36FA0087DC71 /* PostestTestLoginProfileTests.swift in Sources */,
			);
			runOnlyForDeploymentPostprocessing = 0;
		};
		D6FB943A1F9E36FA0087DC71 /* Sources */ = {
			isa = PBXSourcesBuildPhase;
			buildActionMask = 2147483647;
			files = (
				D6FB94431F9E36FA0087DC71 /* PostestTestLoginProfileUITests.swift in Sources */,
			);
			runOnlyForDeploymentPostprocessing = 0;
		};
/* End PBXSourcesBuildPhase section */

/* Begin PBXTargetDependency section */
		D6FB94351F9E36FA0087DC71 /* PBXTargetDependency */ = {
			isa = PBXTargetDependency;
			target = D6FB941E1F9E36F90087DC71 /* PostestTestLoginProfile */;
			targetProxy = D6FB94341F9E36FA0087DC71 /* PBXContainerItemProxy */;
		};
		D6FB94401F9E36FA0087DC71 /* PBXTargetDependency */ = {
			isa = PBXTargetDependency;
			target = D6FB941E1F9E36F90087DC71 /* PostestTestLoginProfile */;
			targetProxy = D6FB943F1F9E36FA0087DC71 /* PBXContainerItemProxy */;
		};
/* End PBXTargetDependency section */

/* Begin PBXVariantGroup section */
		D6FB94261F9E36F90087DC71 /* Main.storyboard */ = {
			isa = PBXVariantGroup;
			children = (
				D6FB94271F9E36F90087DC71 /* Base */,
			);
			name = Main.storyboard;
			sourceTree = "<group>";
		};
		D6FB942B1F9E36F90087DC71 /* LaunchScreen.storyboard */ = {
			isa = PBXVariantGroup;
			children = (
				D6FB942C1F9E36F90087DC71 /* Base */,
			);
			name = LaunchScreen.storyboard;
			sourceTree = "<group>";
		};
/* End PBXVariantGroup section */

/* Begin XCBuildConfiguration section */
		D6FB94451F9E36FA0087DC71 /* Debug */ = {
			isa = XCBuildConfiguration;
			buildSettings = {
				ALWAYS_SEARCH_USER_PATHS = NO;
				CLANG_ANALYZER_NONNULL = YES;
				CLANG_ANALYZER_NUMBER_OBJECT_CONVERSION = YES_AGGRESSIVE;
				CLANG_CXX_LANGUAGE_STANDARD = "gnu++14";
				CLANG_CXX_LIBRARY = "libc++";
				CLANG_ENABLE_MODULES = YES;
				CLANG_ENABLE_OBJC_ARC = YES;
				CLANG_WARN_BLOCK_CAPTURE_AUTORELEASING = YES;
				CLANG_WARN_BOOL_CONVERSION = YES;
				CLANG_WARN_COMMA = YES;
				CLANG_WARN_CONSTANT_CONVERSION = YES;
				CLANG_WARN_DIRECT_OBJC_ISA_USAGE = YES_ERROR;
				CLANG_WARN_DOCUMENTATION_COMMENTS = YES;
				CLANG_WARN_EMPTY_BODY = YES;
				CLANG_WARN_ENUM_CONVERSION = YES;
				CLANG_WARN_INFINITE_RECURSION = YES;
				CLANG_WARN_INT_CONVERSION = YES;
				CLANG_WARN_NON_LITERAL_NULL_CONVERSION = YES;
				CLANG_WARN_OBJC_LITERAL_CONVERSION = YES;
				CLANG_WARN_OBJC_ROOT_CLASS = YES_ERROR;
				CLANG_WARN_RANGE_LOOP_ANALYSIS = YES;
				CLANG_WARN_STRICT_PROTOTYPES = YES;
				CLANG_WARN_SUSPICIOUS_MOVE = YES;
				CLANG_WARN_UNGUARDED_AVAILABILITY = YES_AGGRESSIVE;
				CLANG_WARN_UNREACHABLE_CODE = YES;
				CLANG_WARN__DUPLICATE_METHOD_MATCH = YES;
				CODE_SIGN_IDENTITY = "iPhone Developer";
				COPY_PHASE_STRIP = NO;
				DEBUG_INFORMATION_FORMAT = dwarf;
				ENABLE_STRICT_OBJC_MSGSEND = YES;
				ENABLE_TESTABILITY = YES;
				GCC_C_LANGUAGE_STANDARD = gnu11;
				GCC_DYNAMIC_NO_PIC = NO;
				GCC_NO_COMMON_BLOCKS = YES;
				GCC_OPTIMIZATION_LEVEL = 0;
				GCC_PREPROCESSOR_DEFINITIONS = (
					"DEBUG=1",
					"$(inherited)",
				);
				GCC_WARN_64_TO_32_BIT_CONVERSION = YES;
				GCC_WARN_ABOUT_RETURN_TYPE = YES_ERROR;
				GCC_WARN_UNDECLARED_SELECTOR = YES;
				GCC_WARN_UNINITIALIZED_AUTOS = YES_AGGRESSIVE;
				GCC_WARN_UNUSED_FUNCTION = YES;
				GCC_WARN_UNUSED_VARIABLE = YES;
				IPHONEOS_DEPLOYMENT_TARGET = 11.0;
				MTL_ENABLE_DEBUG_INFO = YES;
				ONLY_ACTIVE_ARCH = YES;
				SDKROOT = iphoneos;
				SWIFT_ACTIVE_COMPILATION_CONDITIONS = DEBUG;
				SWIFT_OPTIMIZATION_LEVEL = "-Onone";
			};
			name = Debug;
		};
		D6FB94461F9E36FA0087DC71 /* Release */ = {
			isa = XCBuildConfiguration;
			buildSettings = {
				ALWAYS_SEARCH_USER_PATHS = NO;
				CLANG_ANALYZER_NONNULL = YES;
				CLANG_ANALYZER_NUMBER_OBJECT_CONVERSION = YES_AGGRESSIVE;
				CLANG_CXX_LANGUAGE_STANDARD = "gnu++14";
				CLANG_CXX_LIBRARY = "libc++";
				CLANG_ENABLE_MODULES = YES;
				CLANG_ENABLE_OBJC_ARC = YES;
				CLANG_WARN_BLOCK_CAPTURE_AUTORELEASING = YES;
				CLANG_WARN_BOOL_CONVERSION = YES;
				CLANG_WARN_COMMA = YES;
				CLANG_WARN_CONSTANT_CONVERSION = YES;
				CLANG_WARN_DIRECT_OBJC_ISA_USAGE = YES_ERROR;
				CLANG_WARN_DOCUMENTATION_COMMENTS = YES;
				CLANG_WARN_EMPTY_BODY = YES;
				CLANG_WARN_ENUM_CONVERSION = YES;
				CLANG_WARN_INFINITE_RECURSION = YES;
				CLANG_WARN_INT_CONVERSION = YES;
				CLANG_WARN_NON_LITERAL_NULL_CONVERSION = YES;
				CLANG_WARN_OBJC_LITERAL_CONVERSION = YES;
				CLANG_WARN_OBJC_ROOT_CLASS = YES_ERROR;
				CLANG_WARN_RANGE_LOOP_ANALYSIS = YES;
				CLANG_WARN_STRICT_PROTOTYPES = YES;
				CLANG_WARN_SUSPICIOUS_MOVE = YES;
				CLANG_WARN_UNGUARDED_AVAILABILITY = YES_AGGRESSIVE;
				CLANG_WARN_UNREACHABLE_CODE = YES;
				CLANG_WARN__DUPLICATE_METHOD_MATCH = YES;
				CODE_SIGN_IDENTITY = "iPhone Developer";
				COPY_PHASE_STRIP = NO;
				DEBUG_INFORMATION_FORMAT = "dwarf-with-dsym";
				ENABLE_NS_ASSERTIONS = NO;
				ENABLE_STRICT_OBJC_MSGSEND = YES;
				GCC_C_LANGUAGE_STANDARD = gnu11;
				GCC_NO_COMMON_BLOCKS = YES;
				GCC_WARN_64_TO_32_BIT_CONVERSION = YES;
				GCC_WARN_ABOUT_RETURN_TYPE = YES_ERROR;
				GCC_WARN_UNDECLARED_SELECTOR = YES;
				GCC_WARN_UNINITIALIZED_AUTOS = YES_AGGRESSIVE;
				GCC_WARN_UNUSED_FUNCTION = YES;
				GCC_WARN_UNUSED_VARIABLE = YES;
				IPHONEOS_DEPLOYMENT_TARGET = 11.0;
				MTL_ENABLE_DEBUG_INFO = NO;
				SDKROOT = iphoneos;
				SWIFT_OPTIMIZATION_LEVEL = "-Owholemodule";
				VALIDATE_PRODUCT = YES;
			};
			name = Release;
		};
		D6FB94481F9E36FA0087DC71 /* Debug */ = {
			isa = XCBuildConfiguration;
			buildSettings = {
				ASSETCATALOG_COMPILER_APPICON_NAME = AppIcon;
				CODE_SIGN_STYLE = Automatic;
				INFOPLIST_FILE = PostestTestLoginProfile/Info.plist;
				LD_RUNPATH_SEARCH_PATHS = "$(inherited) @executable_path/Frameworks";
				PRODUCT_BUNDLE_IDENTIFIER = "Unique-Developers.PostestTestLoginProfile";
				PRODUCT_NAME = "$(TARGET_NAME)";
				SWIFT_VERSION = 4.0;
				TARGETED_DEVICE_FAMILY = "1,2";
			};
			name = Debug;
		};
		D6FB94491F9E36FA0087DC71 /* Release */ = {
			isa = XCBuildConfiguration;
			buildSettings = {
				ASSETCATALOG_COMPILER_APPICON_NAME = AppIcon;
				CODE_SIGN_STYLE = Automatic;
				INFOPLIST_FILE = PostestTestLoginProfile/Info.plist;
				LD_RUNPATH_SEARCH_PATHS = "$(inherited) @executable_path/Frameworks";
				PRODUCT_BUNDLE_IDENTIFIER = "Unique-Developers.PostestTestLoginProfile";
				PRODUCT_NAME = "$(TARGET_NAME)";
				SWIFT_VERSION = 4.0;
				TARGETED_DEVICE_FAMILY = "1,2";
			};
			name = Release;
		};
		D6FB944B1F9E36FA0087DC71 /* Debug */ = {
			isa = XCBuildConfiguration;
			buildSettings = {
				ALWAYS_EMBED_SWIFT_STANDARD_LIBRARIES = YES;
				BUNDLE_LOADER = "$(TEST_HOST)";
				CODE_SIGN_STYLE = Automatic;
				INFOPLIST_FILE = PostestTestLoginProfileTests/Info.plist;
				LD_RUNPATH_SEARCH_PATHS = "$(inherited) @executable_path/Frameworks @loader_path/Frameworks";
				PRODUCT_BUNDLE_IDENTIFIER = "Unique-Developers.PostestTestLoginProfileTests";
				PRODUCT_NAME = "$(TARGET_NAME)";
				SWIFT_VERSION = 4.0;
				TARGETED_DEVICE_FAMILY = "1,2";
				TEST_HOST = "$(BUILT_PRODUCTS_DIR)/PostestTestLoginProfile.app/PostestTestLoginProfile";
			};
			name = Debug;
		};
		D6FB944C1F9E36FA0087DC71 /* Release */ = {
			isa = XCBuildConfiguration;
			buildSettings = {
				ALWAYS_EMBED_SWIFT_STANDARD_LIBRARIES = YES;
				BUNDLE_LOADER = "$(TEST_HOST)";
				CODE_SIGN_STYLE = Automatic;
				INFOPLIST_FILE = PostestTestLoginProfileTests/Info.plist;
				LD_RUNPATH_SEARCH_PATHS = "$(inherited) @executable_path/Frameworks @loader_path/Frameworks";
				PRODUCT_BUNDLE_IDENTIFIER = "Unique-Developers.PostestTestLoginProfileTests";
				PRODUCT_NAME = "$(TARGET_NAME)";
				SWIFT_VERSION = 4.0;
				TARGETED_DEVICE_FAMILY = "1,2";
				TEST_HOST = "$(BUILT_PRODUCTS_DIR)/PostestTestLoginProfile.app/PostestTestLoginProfile";
			};
			name = Release;
		};
		D6FB944E1F9E36FA0087DC71 /* Debug */ = {
			isa = XCBuildConfiguration;
			buildSettings = {
				ALWAYS_EMBED_SWIFT_STANDARD_LIBRARIES = YES;
				CODE_SIGN_STYLE = Automatic;
				INFOPLIST_FILE = PostestTestLoginProfileUITests/Info.plist;
				LD_RUNPATH_SEARCH_PATHS = "$(inherited) @executable_path/Frameworks @loader_path/Frameworks";
				PRODUCT_BUNDLE_IDENTIFIER = "Unique-Developers.PostestTestLoginProfileUITests";
				PRODUCT_NAME = "$(TARGET_NAME)";
				SWIFT_VERSION = 4.0;
				TARGETED_DEVICE_FAMILY = "1,2";
				TEST_TARGET_NAME = PostestTestLoginProfile;
			};
			name = Debug;
		};
		D6FB944F1F9E36FA0087DC71 /* Release */ = {
			isa = XCBuildConfiguration;
			buildSettings = {
				ALWAYS_EMBED_SWIFT_STANDARD_LIBRARIES = YES;
				CODE_SIGN_STYLE = Automatic;
				INFOPLIST_FILE = PostestTestLoginProfileUITests/Info.plist;
				LD_RUNPATH_SEARCH_PATHS = "$(inherited) @executable_path/Frameworks @loader_path/Frameworks";
				PRODUCT_BUNDLE_IDENTIFIER = "Unique-Developers.PostestTestLoginProfileUITests";
				PRODUCT_NAME = "$(TARGET_NAME)";
				SWIFT_VERSION = 4.0;
				TARGETED_DEVICE_FAMILY = "1,2";
				TEST_TARGET_NAME = PostestTestLoginProfile;
			};
			name = Release;
		};
/* End XCBuildConfiguration section */

/* Begin XCConfigurationList section */
		D6FB941A1F9E36F90087DC71 /* Build configuration list for PBXProject "PostestTestLoginProfile" */ = {
			isa = XCConfigurationList;
			buildConfigurations = (
				D6FB94451F9E36FA0087DC71 /* Debug */,
				D6FB94461F9E36FA0087DC71 /* Release */,
			);
			defaultConfigurationIsVisible = 0;
			defaultConfigurationName = Release;
		};
		D6FB94471F9E36FA0087DC71 /* Build configuration list for PBXNativeTarget "PostestTestLoginProfile" */ = {
			isa = XCConfigurationList;
			buildConfigurations = (
				D6FB94481F9E36FA0087DC71 /* Debug */,
				D6FB94491F9E36FA0087DC71 /* Release */,
			);
			defaultConfigurationIsVisible = 0;
			defaultConfigurationName = Release;
		};
		D6FB944A1F9E36FA0087DC71 /* Build configuration list for PBXNativeTarget "PostestTestLoginProfileTests" */ = {
			isa = XCConfigurationList;
			buildConfigurations = (
				D6FB944B1F9E36FA0087DC71 /* Debug */,
				D6FB944C1F9E36FA0087DC71 /* Release */,
			);
			defaultConfigurationIsVisible = 0;
			defaultConfigurationName = Release;
		};
		D6FB944D1F9E36FA0087DC71 /* Build configuration list for PBXNativeTarget "PostestTestLoginProfileUITests" */ = {
			isa = XCConfigurationList;
			buildConfigurations = (
				D6FB944E1F9E36FA0087DC71 /* Debug */,
				D6FB944F1F9E36FA0087DC71 /* Release */,
			);
			defaultConfigurationIsVisible = 0;
			defaultConfigurationName = Release;
		};
/* End XCConfigurationList section */
	};
	rootObject = D6FB94171F9E36F90087DC71 /* Project object */;
}
